// !$*UTF8*$!
{
	archiveVersion = 1;
	classes = {
	};
	objectVersion = 46;
	objects = {

/* Begin PBXBuildFile section */
		31067A13145C667500509BE2 /* Foundation.framework in Frameworks */ = {isa = PBXBuildFile; fileRef = 31067A12145C667500509BE2 /* Foundation.framework */; };
		31067A16145C667500509BE2 /* main.m in Sources */ = {isa = PBXBuildFile; fileRef = 31067A15145C667500509BE2 /* main.m */; };
		31067A22145C67D400509BE2 /* PRHExtractIconFromFileOperation.m in Sources */ = {isa = PBXBuildFile; fileRef = 31067A21145C67D400509BE2 /* PRHExtractIconFromFileOperation.m */; };
		31067A24145C682A00509BE2 /* Carbon.framework in Frameworks */ = {isa = PBXBuildFile; fileRef = 31067A23145C682A00509BE2 /* Carbon.framework */; };
/* End PBXBuildFile section */

/* Begin PBXCopyFilesBuildPhase section */
		31067A0C145C667500509BE2 /* CopyFiles */ = {
			isa = PBXCopyFilesBuildPhase;
			buildActionMask = 2147483647;
			dstPath = /usr/share/man/man1/;
			dstSubfolderSpec = 0;
			files = (
			);
			runOnlyForDeploymentPostprocessing = 1;
		};
/* End PBXCopyFilesBuildPhase section */

/* Begin PBXFileReference section */
		31067A0E145C667500509BE2 /* icon-extract */ = {isa = PBXFileReference; explicitFileType = "compiled.mach-o.executable"; includeInIndex = 0; path = "icon-extract"; sourceTree = BUILT_PRODUCTS_DIR; };
		31067A12145C667500509BE2 /* Foundation.framework */ = {isa = PBXFileReference; lastKnownFileType = wrapper.framework; name = Foundation.framework; path = System/Library/Frameworks/Foundation.framework; sourceTree = SDKROOT; };
		31067A15145C667500509BE2 /* main.m */ = {isa = PBXFileReference; lastKnownFileType = sourcecode.c.objc; path = main.m; sourceTree = "<group>"; };
		31067A18145C667500509BE2 /* icon-extract-Prefix.pch */ = {isa = PBXFileReference; lastKnownFileType = sourcecode.c.h; path = "icon-extract-Prefix.pch"; sourceTree = "<group>"; };
		31067A20145C67D400509BE2 /* PRHExtractIconFromFileOperation.h */ = {isa = PBXFileReference; fileEncoding = 4; lastKnownFileType = sourcecode.c.h; path = PRHExtractIconFromFileOperation.h; sourceTree = "<group>"; };
		31067A21145C67D400509BE2 /* PRHExtractIconFromFileOperation.m */ = {isa = PBXFileReference; fileEncoding = 4; lastKnownFileType = sourcecode.c.objc; path = PRHExtractIconFromFileOperation.m; sourceTree = "<group>"; };
		31067A23145C682A00509BE2 /* Carbon.framework */ = {isa = PBXFileReference; lastKnownFileType = wrapper.framework; name = Carbon.framework; path = System/Library/Frameworks/Carbon.framework; sourceTree = SDKROOT; };
/* End PBXFileReference section */

/* Begin PBXFrameworksBuildPhase section */
		31067A0B145C667500509BE2 /* Frameworks */ = {
			isa = PBXFrameworksBuildPhase;
			buildActionMask = 2147483647;
			files = (
				31067A24145C682A00509BE2 /* Carbon.framework in Frameworks */,
				31067A13145C667500509BE2 /* Foundation.framework in Frameworks */,
			);
			runOnlyForDeploymentPostprocessing = 0;
		};
/* End PBXFrameworksBuildPhase section */

/* Begin PBXGroup section */
		31067A03145C667500509BE2 = {
			isa = PBXGroup;
			children = (
				31067A14145C667500509BE2 /* icon-extract */,
				31067A11145C667500509BE2 /* Frameworks */,
				31067A0F145C667500509BE2 /* Products */,
			);
			sourceTree = "<group>";
		};
		31067A0F145C667500509BE2 /* Products */ = {
			isa = PBXGroup;
			children = (
				31067A0E145C667500509BE2 /* icon-extract */,
			);
			name = Products;
			sourceTree = "<group>";
		};
		31067A11145C667500509BE2 /* Frameworks */ = {
			isa = PBXGroup;
			children = (
				31067A12145C667500509BE2 /* Foundation.framework */,
				31067A23145C682A00509BE2 /* Carbon.framework */,
			);
			name = Frameworks;
			sourceTree = "<group>";
		};
		31067A14145C667500509BE2 /* icon-extract */ = {
			isa = PBXGroup;
			children = (
				31067A15145C667500509BE2 /* main.m */,
				31067A17145C667500509BE2 /* Supporting Files */,
				31067A20145C67D400509BE2 /* PRHExtractIconFromFileOperation.h */,
				31067A21145C67D400509BE2 /* PRHExtractIconFromFileOperation.m */,
			);
			path = "icon-extract";
			sourceTree = "<group>";
		};
		31067A17145C667500509BE2 /* Supporting Files */ = {
			isa = PBXGroup;
			children = (
				31067A18145C667500509BE2 /* icon-extract-Prefix.pch */,
			);
			name = "Supporting Files";
			sourceTree = "<group>";
		};
/* End PBXGroup section */

/* Begin PBXNativeTarget section */
		31067A0D145C667500509BE2 /* icon-extract */ = {
			isa = PBXNativeTarget;
			buildConfigurationList = 31067A1D145C667500509BE2 /* Build configuration list for PBXNativeTarget "icon-extract" */;
			buildPhases = (
				31067A0A145C667500509BE2 /* Sources */,
				31067A0B145C667500509BE2 /* Frameworks */,
				31067A0C145C667500509BE2 /* CopyFiles */,
			);
			buildRules = (
			);
			dependencies = (
			);
			name = "icon-extract";
			productName = "icon-extract";
			productReference = 31067A0E145C667500509BE2 /* icon-extract */;
			productType = "com.apple.product-type.tool";
		};
/* End PBXNativeTarget section */

/* Begin PBXProject section */
		31067A05145C667500509BE2 /* Project object */ = {
			isa = PBXProject;
			attributes = {
				LastUpgradeCheck = 0420;
			};
			buildConfigurationList = 31067A08145C667500509BE2 /* Build configuration list for PBXProject "icon-extract" */;
			compatibilityVersion = "Xcode 3.2";
			developmentRegion = English;
			hasScannedForEncodings = 0;
			knownRegions = (
				en,
			);
			mainGroup = 31067A03145C667500509BE2;
			productRefGroup = 31067A0F145C667500509BE2 /* Products */;
			projectDirPath = "";
			projectRoot = "";
			targets = (
				31067A0D145C667500509BE2 /* icon-extract */,
			);
		};
/* End PBXProject section */

/* Begin PBXSourcesBuildPhase section */
		31067A0A145C667500509BE2 /* Sources */ = {
			isa = PBXSourcesBuildPhase;
			buildActionMask = 2147483647;
			files = (
				31067A16145C667500509BE2 /* main.m in Sources */,
				31067A22145C67D400509BE2 /* PRHExtractIconFromFileOperation.m in Sources */,
			);
			runOnlyForDeploymentPostprocessing = 0;
		};
/* End PBXSourcesBuildPhase section */

/* Begin XCBuildConfiguration section */
		31067A1B145C667500509BE2 /* Debug */ = {
			isa = XCBuildConfiguration;
			buildSettings = {
				ALWAYS_SEARCH_USER_PATHS = NO;
				ARCHS = "$(ARCHS_STANDARD_64_BIT)";
				CLANG_ENABLE_OBJC_ARC = YES;
				COPY_PHASE_STRIP = NO;
				GCC_C_LANGUAGE_STANDARD = gnu99;
				GCC_DYNAMIC_NO_PIC = NO;
				GCC_ENABLE_OBJC_EXCEPTIONS = YES;
				GCC_OPTIMIZATION_LEVEL = 0;
				GCC_PREPROCESSOR_DEFINITIONS = (
					"DEBUG=1",
					"$(inherited)",
				);
				GCC_SYMBOLS_PRIVATE_EXTERN = NO;
				GCC_VERSION = com.apple.compilers.llvm.clang.1_0;
				GCC_WARN_64_TO_32_BIT_CONVERSION = YES;
				GCC_WARN_ABOUT_MISSING_PROTOTYPES = YES;
				GCC_WARN_ABOUT_RETURN_TYPE = YES;
				GCC_WARN_UNUSED_VARIABLE = YES;
				MACOSX_DEPLOYMENT_TARGET = 10.7;
				ONLY_ACTIVE_ARCH = YES;
				SDKROOT = macosx;
			};
			name = Debug;
		};
		31067A1C145C667500509BE2 /* Release */ = {
			isa = XCBuildConfiguration;
			buildSettings = {
				ALWAYS_SEARCH_USER_PATHS = NO;
				ARCHS = "$(ARCHS_STANDARD_64_BIT)";
				CLANG_ENABLE_OBJC_ARC = YES;
				COPY_PHASE_STRIP = YES;
				DEBUG_INFORMATION_FORMAT = "dwarf-with-dsym";
				GCC_C_LANGUAGE_STANDARD = gnu99;
				GCC_ENABLE_OBJC_EXCEPTIONS = YES;
				GCC_VERSION = com.apple.compilers.llvm.clang.1_0;
				GCC_WARN_64_TO_32_BIT_CONVERSION = YES;
				GCC_WARN_ABOUT_MISSING_PROTOTYPES = YES;
				GCC_WARN_ABOUT_RETURN_TYPE = YES;
				GCC_WARN_UNUSED_VARIABLE = YES;
				MACOSX_DEPLOYMENT_TARGET = 10.7;
				SDKROOT = macosx;
			};
			name = Release;
		};
		31067A1E145C667500509BE2 /* Debug */ = {
			isa = XCBuildConfiguration;
			buildSettings = {
				GCC_PRECOMPILE_PREFIX_HEADER = YES;
				GCC_PREFIX_HEADER = "icon-extract/icon-extract-Prefix.pch";
				PRODUCT_NAME = "$(TARGET_NAME)";
			};
			name = Debug;
		};
		31067A1F145C667500509BE2 /* Release */ = {
			isa = XCBuildConfiguration;
			buildSettings = {
				GCC_PRECOMPILE_PREFIX_HEADER = YES;
				GCC_PREFIX_HEADER = "icon-extract/icon-extract-Prefix.pch";
				PRODUCT_NAME = "$(TARGET_NAME)";
			};
			name = Release;
		};
/* End XCBuildConfiguration section */

/* Begin XCConfigurationList section */
		31067A08145C667500509BE2 /* Build configuration list for PBXProject "icon-extract" */ = {
			isa = XCConfigurationList;
			buildConfigurations = (
				31067A1B145C667500509BE2 /* Debug */,
				31067A1C145C667500509BE2 /* Release */,
			);
			defaultConfigurationIsVisible = 0;
			defaultConfigurationName = Release;
		};
		31067A1D145C667500509BE2 /* Build configuration list for PBXNativeTarget "icon-extract" */ = {
			isa = XCConfigurationList;
			buildConfigurations = (
				31067A1E145C667500509BE2 /* Debug */,
				31067A1F145C667500509BE2 /* Release */,
			);
			defaultConfigurationIsVisible = 0;
		};
/* End XCConfigurationList section */
	};
	rootObject = 31067A05145C667500509BE2 /* Project object */;
}
